
Microsoft Visual Studio Solution File, Format Version 12.00
# Visual Studio Version 17
VisualStudioVersion = 17.11.35327.3
MinimumVisualStudioVersion = 10.0.40219.1
Project("{FAE04EC0-301F-11D3-BF4B-00C04F79EFBC}") = "HotelBookingManager", "HotelBookingManager\HotelBookingManager.csproj", "{55BB9BB9-8B28-49BF-8286-1ECAFCD6A39B}"
EndProject
Global
	GlobalSection(SolutionConfigurationPlatforms) = preSolution
		Debug|Any CPU = Debug|Any CPU
		Release|Any CPU = Release|Any CPU
	EndGlobalSection
	GlobalSection(ProjectConfigurationPlatforms) = postSolution
		{55BB9BB9-8B28-49BF-8286-1ECAFCD6A39B}.Debug|Any CPU.ActiveCfg = Debug|Any CPU
		{55BB9BB9-8B28-49BF-8286-1ECAFCD6A39B}.Debug|Any CPU.Build.0 = Debug|Any CPU
		{55BB9BB9-8B28-49BF-8286-1ECAFCD6A39B}.Release|Any CPU.ActiveCfg = Release|Any CPU
		{55BB9BB9-8B28-49BF-8286-1ECAFCD6A39B}.Release|Any CPU.Build.0 = Release|Any CPU
	EndGlobalSection
	GlobalSection(SolutionProperties) = preSolution
		HideSolutionNode = FALSE
	EndGlobalSection
	GlobalSection(ExtensibilityGlobals) = postSolution
		SolutionGuid = {65E9EA28-FA8D-4482-94F0-2FFBE7DF8C84}
	EndGlobalSection
EndGlobal
